
Microsoft Visual Studio Solution File, Format Version 12.00
# Visual Studio Version 17
VisualStudioVersion = 17.9.34622.214
MinimumVisualStudioVersion = 10.0.40219.1
Project("{888888A0-9F3D-457C-B088-3A5042F75D52}") = "Scrapping", "Scrapping.pyproj", "{F7F82B6F-832E-4C6F-8538-26D0F5389D6E}"
EndProject
Global
	GlobalSection(SolutionConfigurationPlatforms) = preSolution
		Debug|Any CPU = Debug|Any CPU
		Release|Any CPU = Release|Any CPU
	EndGlobalSection
	GlobalSection(ProjectConfigurationPlatforms) = postSolution
		{F7F82B6F-832E-4C6F-8538-26D0F5389D6E}.Debug|Any CPU.ActiveCfg = Debug|Any CPU
		{F7F82B6F-832E-4C6F-8538-26D0F5389D6E}.Release|Any CPU.ActiveCfg = Release|Any CPU
	EndGlobalSection
	GlobalSection(SolutionProperties) = preSolution
		HideSolutionNode = FALSE
	EndGlobalSection
	GlobalSection(ExtensibilityGlobals) = postSolution
		SolutionGuid = {63947EB0-A44E-4B9E-B66C-82992D5A618E}
	EndGlobalSection
EndGlobal
